// !$*UTF8*$!
{
	archiveVersion = 1;
	classes = {
	};
	objectVersion = 56;
	objects = {

/* Begin PBXBuildFile section */
		1F01D9C42C6CE6EB0072BE2C /* LoginViewController.swift in Sources */ = {isa = PBXBuildFile; fileRef = 1F01D9C32C6CE6EB0072BE2C /* LoginViewController.swift */; };
		1F0CBD242C6CC0640032E52A /* Outfit-Black.ttf in Resources */ = {isa = PBXBuildFile; fileRef = 1F0CBD232C6CC0640032E52A /* Outfit-Black.ttf */; };
		1F0CBD262C6CC0700032E52A /* Outfit-Bold.ttf in Resources */ = {isa = PBXBuildFile; fileRef = 1F0CBD252C6CC0700032E52A /* Outfit-Bold.ttf */; };
		1F0CBD282C6CC07A0032E52A /* Outfit-ExtraBold.ttf in Resources */ = {isa = PBXBuildFile; fileRef = 1F0CBD272C6CC07A0032E52A /* Outfit-ExtraBold.ttf */; };
		1F0CBD2A2C6CC0880032E52A /* Outfit-ExtraLight.ttf in Resources */ = {isa = PBXBuildFile; fileRef = 1F0CBD292C6CC0880032E52A /* Outfit-ExtraLight.ttf */; };
		1F0CBD2C2C6CC0930032E52A /* Outfit-Light.ttf in Resources */ = {isa = PBXBuildFile; fileRef = 1F0CBD2B2C6CC0930032E52A /* Outfit-Light.ttf */; };
		1F0CBD2E2C6CC09D0032E52A /* Outfit-Medium.ttf in Resources */ = {isa = PBXBuildFile; fileRef = 1F0CBD2D2C6CC09D0032E52A /* Outfit-Medium.ttf */; };
		1F0CBD302C6CC0AE0032E52A /* Outfit-Regular.ttf in Resources */ = {isa = PBXBuildFile; fileRef = 1F0CBD2F2C6CC0AE0032E52A /* Outfit-Regular.ttf */; };
		1F0CBD322C6CC0B50032E52A /* Outfit-SemiBold.ttf in Resources */ = {isa = PBXBuildFile; fileRef = 1F0CBD312C6CC0B40032E52A /* Outfit-SemiBold.ttf */; };
		1F0CBD342C6CC0BA0032E52A /* Outfit-Thin.ttf in Resources */ = {isa = PBXBuildFile; fileRef = 1F0CBD332C6CC0BA0032E52A /* Outfit-Thin.ttf */; };
		1F37D6892C6F1B18006179E9 /* SignUpViewController.swift in Sources */ = {isa = PBXBuildFile; fileRef = 1F37D6882C6F1B18006179E9 /* SignUpViewController.swift */; };
		1F37D68C2C6F2D37006179E9 /* Extention.swift in Sources */ = {isa = PBXBuildFile; fileRef = 1F37D68B2C6F2D37006179E9 /* Extention.swift */; };
		1F6BDC9F2C74AE9B00C2EFBF /* BaseViewController.swift in Sources */ = {isa = PBXBuildFile; fileRef = 1F6BDC9E2C74AE9B00C2EFBF /* BaseViewController.swift */; };
		1F817B622C6C89FD003020BB /* AppDelegate.swift in Sources */ = {isa = PBXBuildFile; fileRef = 1F817B612C6C89FD003020BB /* AppDelegate.swift */; };
		1F817B642C6C89FD003020BB /* SceneDelegate.swift in Sources */ = {isa = PBXBuildFile; fileRef = 1F817B632C6C89FD003020BB /* SceneDelegate.swift */; };
		1F817B662C6C89FD003020BB /* LaunchViewController.swift in Sources */ = {isa = PBXBuildFile; fileRef = 1F817B652C6C89FD003020BB /* LaunchViewController.swift */; };
		1F817B692C6C89FD003020BB /* Base in Resources */ = {isa = PBXBuildFile; fileRef = 1F817B682C6C89FD003020BB /* Base */; };
		1F817B6B2C6C89FE003020BB /* Assets.xcassets in Resources */ = {isa = PBXBuildFile; fileRef = 1F817B6A2C6C89FE003020BB /* Assets.xcassets */; };
		1F817B6E2C6C89FE003020BB /* Base in Resources */ = {isa = PBXBuildFile; fileRef = 1F817B6D2C6C89FE003020BB /* Base */; };
		1F817B792C6C89FE003020BB /* signInAndSignOut_featureTests.swift in Sources */ = {isa = PBXBuildFile; fileRef = 1F817B782C6C89FE003020BB /* signInAndSignOut_featureTests.swift */; };
		1F817B832C6C89FE003020BB /* signInAndSignOut_featureUITests.swift in Sources */ = {isa = PBXBuildFile; fileRef = 1F817B822C6C89FE003020BB /* signInAndSignOut_featureUITests.swift */; };
		1F817B852C6C89FE003020BB /* signInAndSignOut_featureUITestsLaunchTests.swift in Sources */ = {isa = PBXBuildFile; fileRef = 1F817B842C6C89FE003020BB /* signInAndSignOut_featureUITestsLaunchTests.swift */; };
		1F8B2DA32C762FE200B5FB2A /* DashboardViewController.swift in Sources */ = {isa = PBXBuildFile; fileRef = 1F8B2DA22C762FE200B5FB2A /* DashboardViewController.swift */; };
		1F8B2DA62C764FB500B5FB2A /* Utils.swift in Sources */ = {isa = PBXBuildFile; fileRef = 1F8B2DA52C764FB500B5FB2A /* Utils.swift */; };
		1FC7A2492C6DEBAE00D81ABB /* Storyboards.swift in Sources */ = {isa = PBXBuildFile; fileRef = 1FC7A2482C6DEBAE00D81ABB /* Storyboards.swift */; };
		1FC7A24B2C6DEC5300D81ABB /* StringConstants.swift in Sources */ = {isa = PBXBuildFile; fileRef = 1FC7A24A2C6DEC5300D81ABB /* StringConstants.swift */; };
		1FC7A24D2C6DECC700D81ABB /* Identifiers.swift in Sources */ = {isa = PBXBuildFile; fileRef = 1FC7A24C2C6DECC700D81ABB /* Identifiers.swift */; };
		1FD6C3DA2C746EB0004CC732 /* CustomTextField.swift in Sources */ = {isa = PBXBuildFile; fileRef = 1FD6C3D92C746EB0004CC732 /* CustomTextField.swift */; };
/* End PBXBuildFile section */

/* Begin PBXContainerItemProxy section */
		1F817B752C6C89FE003020BB /* PBXContainerItemProxy */ = {
			isa = PBXContainerItemProxy;
			containerPortal = 1F817B562C6C89FD003020BB /* Project object */;
			proxyType = 1;
			remoteGlobalIDString = 1F817B5D2C6C89FD003020BB;
			remoteInfo = signInAndSignOut_feature;
		};
		1F817B7F2C6C89FE003020BB /* PBXContainerItemProxy */ = {
			isa = PBXContainerItemProxy;
			containerPortal = 1F817B562C6C89FD003020BB /* Project object */;
			proxyType = 1;
			remoteGlobalIDString = 1F817B5D2C6C89FD003020BB;
			remoteInfo = signInAndSignOut_feature;
		};
/* End PBXContainerItemProxy section */

/* Begin PBXFileReference section */
		1F01D9C32C6CE6EB0072BE2C /* LoginViewController.swift */ = {isa = PBXFileReference; lastKnownFileType = sourcecode.swift; path = LoginViewController.swift; sourceTree = "<group>"; };
		1F0CBD232C6CC0640032E52A /* Outfit-Black.ttf */ = {isa = PBXFileReference; lastKnownFileType = file; path = "Outfit-Black.ttf"; sourceTree = "<group>"; };
		1F0CBD252C6CC0700032E52A /* Outfit-Bold.ttf */ = {isa = PBXFileReference; lastKnownFileType = file; path = "Outfit-Bold.ttf"; sourceTree = "<group>"; };
		1F0CBD272C6CC07A0032E52A /* Outfit-ExtraBold.ttf */ = {isa = PBXFileReference; lastKnownFileType = file; path = "Outfit-ExtraBold.ttf"; sourceTree = "<group>"; };
		1F0CBD292C6CC0880032E52A /* Outfit-ExtraLight.ttf */ = {isa = PBXFileReference; lastKnownFileType = file; path = "Outfit-ExtraLight.ttf"; sourceTree = "<group>"; };
		1F0CBD2B2C6CC0930032E52A /* Outfit-Light.ttf */ = {isa = PBXFileReference; lastKnownFileType = file; path = "Outfit-Light.ttf"; sourceTree = "<group>"; };
		1F0CBD2D2C6CC09D0032E52A /* Outfit-Medium.ttf */ = {isa = PBXFileReference; lastKnownFileType = file; path = "Outfit-Medium.ttf"; sourceTree = "<group>"; };
		1F0CBD2F2C6CC0AE0032E52A /* Outfit-Regular.ttf */ = {isa = PBXFileReference; lastKnownFileType = file; path = "Outfit-Regular.ttf"; sourceTree = "<group>"; };
		1F0CBD312C6CC0B40032E52A /* Outfit-SemiBold.ttf */ = {isa = PBXFileReference; lastKnownFileType = file; path = "Outfit-SemiBold.ttf"; sourceTree = "<group>"; };
		1F0CBD332C6CC0BA0032E52A /* Outfit-Thin.ttf */ = {isa = PBXFileReference; lastKnownFileType = file; path = "Outfit-Thin.ttf"; sourceTree = "<group>"; };
		1F37D6882C6F1B18006179E9 /* SignUpViewController.swift */ = {isa = PBXFileReference; lastKnownFileType = sourcecode.swift; path = SignUpViewController.swift; sourceTree = "<group>"; };
		1F37D68B2C6F2D37006179E9 /* Extention.swift */ = {isa = PBXFileReference; lastKnownFileType = sourcecode.swift; path = Extention.swift; sourceTree = "<group>"; };
		1F6BDC9E2C74AE9B00C2EFBF /* BaseViewController.swift */ = {isa = PBXFileReference; lastKnownFileType = sourcecode.swift; path = BaseViewController.swift; sourceTree = "<group>"; };
		1F817B5E2C6C89FD003020BB /* signInAndSignOut_feature.app */ = {isa = PBXFileReference; explicitFileType = wrapper.application; includeInIndex = 0; path = signInAndSignOut_feature.app; sourceTree = BUILT_PRODUCTS_DIR; };
		1F817B612C6C89FD003020BB /* AppDelegate.swift */ = {isa = PBXFileReference; lastKnownFileType = sourcecode.swift; path = AppDelegate.swift; sourceTree = "<group>"; };
		1F817B632C6C89FD003020BB /* SceneDelegate.swift */ = {isa = PBXFileReference; lastKnownFileType = sourcecode.swift; path = SceneDelegate.swift; sourceTree = "<group>"; };
		1F817B652C6C89FD003020BB /* LaunchViewController.swift */ = {isa = PBXFileReference; lastKnownFileType = sourcecode.swift; path = LaunchViewController.swift; sourceTree = "<group>"; };
		1F817B682C6C89FD003020BB /* Base */ = {isa = PBXFileReference; lastKnownFileType = file.storyboard; name = Base; path = Base.lproj/Main.storyboard; sourceTree = "<group>"; };
		1F817B6A2C6C89FE003020BB /* Assets.xcassets */ = {isa = PBXFileReference; lastKnownFileType = folder.assetcatalog; path = Assets.xcassets; sourceTree = "<group>"; };
		1F817B6D2C6C89FE003020BB /* Base */ = {isa = PBXFileReference; lastKnownFileType = file.storyboard; name = Base; path = Base.lproj/LaunchScreen.storyboard; sourceTree = "<group>"; };
		1F817B6F2C6C89FE003020BB /* Info.plist */ = {isa = PBXFileReference; lastKnownFileType = text.plist.xml; path = Info.plist; sourceTree = "<group>"; };
		1F817B742C6C89FE003020BB /* signInAndSignOut_featureTests.xctest */ = {isa = PBXFileReference; explicitFileType = wrapper.cfbundle; includeInIndex = 0; path = signInAndSignOut_featureTests.xctest; sourceTree = BUILT_PRODUCTS_DIR; };
		1F817B782C6C89FE003020BB /* signInAndSignOut_featureTests.swift */ = {isa = PBXFileReference; lastKnownFileType = sourcecode.swift; path = signInAndSignOut_featureTests.swift; sourceTree = "<group>"; };
		1F817B7E2C6C89FE003020BB /* signInAndSignOut_featureUITests.xctest */ = {isa = PBXFileReference; explicitFileType = wrapper.cfbundle; includeInIndex = 0; path = signInAndSignOut_featureUITests.xctest; sourceTree = BUILT_PRODUCTS_DIR; };
		1F817B822C6C89FE003020BB /* signInAndSignOut_featureUITests.swift */ = {isa = PBXFileReference; lastKnownFileType = sourcecode.swift; path = signInAndSignOut_featureUITests.swift; sourceTree = "<group>"; };
		1F817B842C6C89FE003020BB /* signInAndSignOut_featureUITestsLaunchTests.swift */ = {isa = PBXFileReference; lastKnownFileType = sourcecode.swift; path = signInAndSignOut_featureUITestsLaunchTests.swift; sourceTree = "<group>"; };
		1F8B2DA22C762FE200B5FB2A /* DashboardViewController.swift */ = {isa = PBXFileReference; lastKnownFileType = sourcecode.swift; path = DashboardViewController.swift; sourceTree = "<group>"; };
		1F8B2DA52C764FB500B5FB2A /* Utils.swift */ = {isa = PBXFileReference; lastKnownFileType = sourcecode.swift; path = Utils.swift; sourceTree = "<group>"; };
		1FC7A2482C6DEBAE00D81ABB /* Storyboards.swift */ = {isa = PBXFileReference; lastKnownFileType = sourcecode.swift; path = Storyboards.swift; sourceTree = "<group>"; };
		1FC7A24A2C6DEC5300D81ABB /* StringConstants.swift */ = {isa = PBXFileReference; lastKnownFileType = sourcecode.swift; path = StringConstants.swift; sourceTree = "<group>"; };
		1FC7A24C2C6DECC700D81ABB /* Identifiers.swift */ = {isa = PBXFileReference; lastKnownFileType = sourcecode.swift; path = Identifiers.swift; sourceTree = "<group>"; };
		1FD6C3D92C746EB0004CC732 /* CustomTextField.swift */ = {isa = PBXFileReference; lastKnownFileType = sourcecode.swift; path = CustomTextField.swift; sourceTree = "<group>"; };
/* End PBXFileReference section */

/* Begin PBXFrameworksBuildPhase section */
		1F817B5B2C6C89FD003020BB /* Frameworks */ = {
			isa = PBXFrameworksBuildPhase;
			buildActionMask = 2147483647;
			files = (
			);
			runOnlyForDeploymentPostprocessing = 0;
		};
		1F817B712C6C89FE003020BB /* Frameworks */ = {
			isa = PBXFrameworksBuildPhase;
			buildActionMask = 2147483647;
			files = (
			);
			runOnlyForDeploymentPostprocessing = 0;
		};
		1F817B7B2C6C89FE003020BB /* Frameworks */ = {
			isa = PBXFrameworksBuildPhase;
			buildActionMask = 2147483647;
			files = (
			);
			runOnlyForDeploymentPostprocessing = 0;
		};
/* End PBXFrameworksBuildPhase section */

/* Begin PBXGroup section */
		1F37D6832C6F147E006179E9 /* SignUpController */ = {
			isa = PBXGroup;
			children = (
				1F37D6882C6F1B18006179E9 /* SignUpViewController.swift */,
			);
			path = SignUpController;
			sourceTree = "<group>";
		};
		1F37D68A2C6F2D0D006179E9 /* Extension */ = {
			isa = PBXGroup;
			children = (
				1F37D68B2C6F2D37006179E9 /* Extention.swift */,
			);
			path = Extension;
			sourceTree = "<group>";
		};
		1F817B552C6C89FD003020BB = {
			isa = PBXGroup;
			children = (
				1F817B602C6C89FD003020BB /* signInAndSignOut_feature */,
				1F817B772C6C89FE003020BB /* signInAndSignOut_featureTests */,
				1F817B812C6C89FE003020BB /* signInAndSignOut_featureUITests */,
				1F817B5F2C6C89FD003020BB /* Products */,
			);
			sourceTree = "<group>";
		};
		1F817B5F2C6C89FD003020BB /* Products */ = {
			isa = PBXGroup;
			children = (
				1F817B5E2C6C89FD003020BB /* signInAndSignOut_feature.app */,
				1F817B742C6C89FE003020BB /* signInAndSignOut_featureTests.xctest */,
				1F817B7E2C6C89FE003020BB /* signInAndSignOut_featureUITests.xctest */,
			);
			name = Products;
			sourceTree = "<group>";
		};
		1F817B602C6C89FD003020BB /* signInAndSignOut_feature */ = {
			isa = PBXGroup;
			children = (
				1FC7A2472C6DE9BD00D81ABB /* AppDelegates */,
				1FC7A2432C6DE91900D81ABB /* UI */,
				1FC7A2442C6DE92900D81ABB /* StoryBoard */,
				1F8B2DA42C764EF600B5FB2A /* Utils */,
				1FC7A2422C6DE90800D81ABB /* Constants */,
				1F37D68A2C6F2D0D006179E9 /* Extension */,
				1F817BCD2C6CA828003020BB /* Fonts */,
				1F817B6A2C6C89FE003020BB /* Assets.xcassets */,
				1F817B6F2C6C89FE003020BB /* Info.plist */,
			);
			path = signInAndSignOut_feature;
			sourceTree = "<group>";
		};
		1F817B772C6C89FE003020BB /* signInAndSignOut_featureTests */ = {
			isa = PBXGroup;
			children = (
				1F817B782C6C89FE003020BB /* signInAndSignOut_featureTests.swift */,
			);
			path = signInAndSignOut_featureTests;
			sourceTree = "<group>";
		};
		1F817B812C6C89FE003020BB /* signInAndSignOut_featureUITests */ = {
			isa = PBXGroup;
			children = (
				1F817B822C6C89FE003020BB /* signInAndSignOut_featureUITests.swift */,
				1F817B842C6C89FE003020BB /* signInAndSignOut_featureUITestsLaunchTests.swift */,
			);
			path = signInAndSignOut_featureUITests;
			sourceTree = "<group>";
		};
		1F817BCD2C6CA828003020BB /* Fonts */ = {
			isa = PBXGroup;
			children = (
				1F0CBD232C6CC0640032E52A /* Outfit-Black.ttf */,
				1F0CBD252C6CC0700032E52A /* Outfit-Bold.ttf */,
				1F0CBD272C6CC07A0032E52A /* Outfit-ExtraBold.ttf */,
				1F0CBD292C6CC0880032E52A /* Outfit-ExtraLight.ttf */,
				1F0CBD2B2C6CC0930032E52A /* Outfit-Light.ttf */,
				1F0CBD2D2C6CC09D0032E52A /* Outfit-Medium.ttf */,
				1F0CBD2F2C6CC0AE0032E52A /* Outfit-Regular.ttf */,
				1F0CBD312C6CC0B40032E52A /* Outfit-SemiBold.ttf */,
				1F0CBD332C6CC0BA0032E52A /* Outfit-Thin.ttf */,
			);
			path = Fonts;
			sourceTree = "<group>";
		};
		1F8B2DA12C762FB400B5FB2A /* DashboardController */ = {
			isa = PBXGroup;
			children = (
				1F8B2DA22C762FE200B5FB2A /* DashboardViewController.swift */,
			);
			path = DashboardController;
			sourceTree = "<group>";
		};
		1F8B2DA42C764EF600B5FB2A /* Utils */ = {
			isa = PBXGroup;
			children = (
				1F8B2DA52C764FB500B5FB2A /* Utils.swift */,
			);
			path = Utils;
			sourceTree = "<group>";
		};
		1FC7A2422C6DE90800D81ABB /* Constants */ = {
			isa = PBXGroup;
			children = (
				1FC7A2482C6DEBAE00D81ABB /* Storyboards.swift */,
				1FC7A24A2C6DEC5300D81ABB /* StringConstants.swift */,
				1FC7A24C2C6DECC700D81ABB /* Identifiers.swift */,
				1FD6C3D92C746EB0004CC732 /* CustomTextField.swift */,
				1F6BDC9E2C74AE9B00C2EFBF /* BaseViewController.swift */,
			);
			path = Constants;
			sourceTree = "<group>";
		};
		1FC7A2432C6DE91900D81ABB /* UI */ = {
			isa = PBXGroup;
			children = (
				1F8B2DA12C762FB400B5FB2A /* DashboardController */,
				1F37D6832C6F147E006179E9 /* SignUpController */,
				1FC7A2462C6DE99600D81ABB /* LoginController */,
				1FC7A2452C6DE97000D81ABB /* LaunchController */,
			);
			path = UI;
			sourceTree = "<group>";
		};
		1FC7A2442C6DE92900D81ABB /* StoryBoard */ = {
			isa = PBXGroup;
			children = (
				1F817B672C6C89FD003020BB /* Main.storyboard */,
				1F817B6C2C6C89FE003020BB /* LaunchScreen.storyboard */,
			);
			path = StoryBoard;
			sourceTree = "<group>";
		};
		1FC7A2452C6DE97000D81ABB /* LaunchController */ = {
			isa = PBXGroup;
			children = (
				1F817B652C6C89FD003020BB /* LaunchViewController.swift */,
			);
			path = LaunchController;
			sourceTree = "<group>";
		};
		1FC7A2462C6DE99600D81ABB /* LoginController */ = {
			isa = PBXGroup;
			children = (
				1F01D9C32C6CE6EB0072BE2C /* LoginViewController.swift */,
			);
			path = LoginController;
			sourceTree = "<group>";
		};
		1FC7A2472C6DE9BD00D81ABB /* AppDelegates */ = {
			isa = PBXGroup;
			children = (
				1F817B632C6C89FD003020BB /* SceneDelegate.swift */,
				1F817B612C6C89FD003020BB /* AppDelegate.swift */,
			);
			path = AppDelegates;
			sourceTree = "<group>";
		};
/* End PBXGroup section */

/* Begin PBXNativeTarget section */
		1F817B5D2C6C89FD003020BB /* signInAndSignOut_feature */ = {
			isa = PBXNativeTarget;
			buildConfigurationList = 1F817B882C6C89FE003020BB /* Build configuration list for PBXNativeTarget "signInAndSignOut_feature" */;
			buildPhases = (
				1F817B5A2C6C89FD003020BB /* Sources */,
				1F817B5B2C6C89FD003020BB /* Frameworks */,
				1F817B5C2C6C89FD003020BB /* Resources */,
			);
			buildRules = (
			);
			dependencies = (
			);
			name = signInAndSignOut_feature;
			productName = signInAndSignOut_feature;
			productReference = 1F817B5E2C6C89FD003020BB /* signInAndSignOut_feature.app */;
			productType = "com.apple.product-type.application";
		};
		1F817B732C6C89FE003020BB /* signInAndSignOut_featureTests */ = {
			isa = PBXNativeTarget;
			buildConfigurationList = 1F817B8B2C6C89FE003020BB /* Build configuration list for PBXNativeTarget "signInAndSignOut_featureTests" */;
			buildPhases = (
				1F817B702C6C89FE003020BB /* Sources */,
				1F817B712C6C89FE003020BB /* Frameworks */,
				1F817B722C6C89FE003020BB /* Resources */,
			);
			buildRules = (
			);
			dependencies = (
				1F817B762C6C89FE003020BB /* PBXTargetDependency */,
			);
			name = signInAndSignOut_featureTests;
			productName = signInAndSignOut_featureTests;
			productReference = 1F817B742C6C89FE003020BB /* signInAndSignOut_featureTests.xctest */;
			productType = "com.apple.product-type.bundle.unit-test";
		};
		1F817B7D2C6C89FE003020BB /* signInAndSignOut_featureUITests */ = {
			isa = PBXNativeTarget;
			buildConfigurationList = 1F817B8E2C6C89FE003020BB /* Build configuration list for PBXNativeTarget "signInAndSignOut_featureUITests" */;
			buildPhases = (
				1F817B7A2C6C89FE003020BB /* Sources */,
				1F817B7B2C6C89FE003020BB /* Frameworks */,
				1F817B7C2C6C89FE003020BB /* Resources */,
			);
			buildRules = (
			);
			dependencies = (
				1F817B802C6C89FE003020BB /* PBXTargetDependency */,
			);
			name = signInAndSignOut_featureUITests;
			productName = signInAndSignOut_featureUITests;
			productReference = 1F817B7E2C6C89FE003020BB /* signInAndSignOut_featureUITests.xctest */;
			productType = "com.apple.product-type.bundle.ui-testing";
		};
/* End PBXNativeTarget section */

/* Begin PBXProject section */
		1F817B562C6C89FD003020BB /* Project object */ = {
			isa = PBXProject;
			attributes = {
				BuildIndependentTargetsInParallel = 1;
				LastSwiftUpdateCheck = 1540;
				LastUpgradeCheck = 1540;
				TargetAttributes = {
					1F817B5D2C6C89FD003020BB = {
						CreatedOnToolsVersion = 15.4;
					};
					1F817B732C6C89FE003020BB = {
						CreatedOnToolsVersion = 15.4;
						TestTargetID = 1F817B5D2C6C89FD003020BB;
					};
					1F817B7D2C6C89FE003020BB = {
						CreatedOnToolsVersion = 15.4;
						TestTargetID = 1F817B5D2C6C89FD003020BB;
					};
				};
			};
			buildConfigurationList = 1F817B592C6C89FD003020BB /* Build configuration list for PBXProject "signInAndSignOut_feature" */;
			compatibilityVersion = "Xcode 14.0";
			developmentRegion = en;
			hasScannedForEncodings = 0;
			knownRegions = (
				en,
				Base,
			);
			mainGroup = 1F817B552C6C89FD003020BB;
			productRefGroup = 1F817B5F2C6C89FD003020BB /* Products */;
			projectDirPath = "";
			projectRoot = "";
			targets = (
				1F817B5D2C6C89FD003020BB /* signInAndSignOut_feature */,
				1F817B732C6C89FE003020BB /* signInAndSignOut_featureTests */,
				1F817B7D2C6C89FE003020BB /* signInAndSignOut_featureUITests */,
			);
		};
/* End PBXProject section */

/* Begin PBXResourcesBuildPhase section */
		1F817B5C2C6C89FD003020BB /* Resources */ = {
			isa = PBXResourcesBuildPhase;
			buildActionMask = 2147483647;
			files = (
				1F817B6B2C6C89FE003020BB /* Assets.xcassets in Resources */,
				1F0CBD242C6CC0640032E52A /* Outfit-Black.ttf in Resources */,
				1F0CBD262C6CC0700032E52A /* Outfit-Bold.ttf in Resources */,
				1F0CBD282C6CC07A0032E52A /* Outfit-ExtraBold.ttf in Resources */,
				1F0CBD2C2C6CC0930032E52A /* Outfit-Light.ttf in Resources */,
				1F0CBD2A2C6CC0880032E52A /* Outfit-ExtraLight.ttf in Resources */,
				1F0CBD342C6CC0BA0032E52A /* Outfit-Thin.ttf in Resources */,
				1F817B6E2C6C89FE003020BB /* Base in Resources */,
				1F0CBD2E2C6CC09D0032E52A /* Outfit-Medium.ttf in Resources */,
				1F0CBD302C6CC0AE0032E52A /* Outfit-Regular.ttf in Resources */,
				1F0CBD322C6CC0B50032E52A /* Outfit-SemiBold.ttf in Resources */,
				1F817B692C6C89FD003020BB /* Base in Resources */,
			);
			runOnlyForDeploymentPostprocessing = 0;
		};
		1F817B722C6C89FE003020BB /* Resources */ = {
			isa = PBXResourcesBuildPhase;
			buildActionMask = 2147483647;
			files = (
			);
			runOnlyForDeploymentPostprocessing = 0;
		};
		1F817B7C2C6C89FE003020BB /* Resources */ = {
			isa = PBXResourcesBuildPhase;
			buildActionMask = 2147483647;
			files = (
			);
			runOnlyForDeploymentPostprocessing = 0;
		};
/* End PBXResourcesBuildPhase section */

/* Begin PBXSourcesBuildPhase section */
		1F817B5A2C6C89FD003020BB /* Sources */ = {
			isa = PBXSourcesBuildPhase;
			buildActionMask = 2147483647;
			files = (
				1F01D9C42C6CE6EB0072BE2C /* LoginViewController.swift in Sources */,
				1FC7A2492C6DEBAE00D81ABB /* Storyboards.swift in Sources */,
				1F6BDC9F2C74AE9B00C2EFBF /* BaseViewController.swift in Sources */,
				1F37D6892C6F1B18006179E9 /* SignUpViewController.swift in Sources */,
				1FC7A24B2C6DEC5300D81ABB /* StringConstants.swift in Sources */,
				1F8B2DA62C764FB500B5FB2A /* Utils.swift in Sources */,
				1FD6C3DA2C746EB0004CC732 /* CustomTextField.swift in Sources */,
				1F817B662C6C89FD003020BB /* LaunchViewController.swift in Sources */,
				1F8B2DA32C762FE200B5FB2A /* DashboardViewController.swift in Sources */,
				1FC7A24D2C6DECC700D81ABB /* Identifiers.swift in Sources */,
				1F817B622C6C89FD003020BB /* AppDelegate.swift in Sources */,
				1F37D68C2C6F2D37006179E9 /* Extention.swift in Sources */,
				1F817B642C6C89FD003020BB /* SceneDelegate.swift in Sources */,
			);
			runOnlyForDeploymentPostprocessing = 0;
		};
		1F817B702C6C89FE003020BB /* Sources */ = {
			isa = PBXSourcesBuildPhase;
			buildActionMask = 2147483647;
			files = (
				1F817B792C6C89FE003020BB /* signInAndSignOut_featureTests.swift in Sources */,
			);
			runOnlyForDeploymentPostprocessing = 0;
		};
		1F817B7A2C6C89FE003020BB /* Sources */ = {
			isa = PBXSourcesBuildPhase;
			buildActionMask = 2147483647;
			files = (
				1F817B832C6C89FE003020BB /* signInAndSignOut_featureUITests.swift in Sources */,
				1F817B852C6C89FE003020BB /* signInAndSignOut_featureUITestsLaunchTests.swift in Sources */,
			);
			runOnlyForDeploymentPostprocessing = 0;
		};
/* End PBXSourcesBuildPhase section */

/* Begin PBXTargetDependency section */
		1F817B762C6C89FE003020BB /* PBXTargetDependency */ = {
			isa = PBXTargetDependency;
			target = 1F817B5D2C6C89FD003020BB /* signInAndSignOut_feature */;
			targetProxy = 1F817B752C6C89FE003020BB /* PBXContainerItemProxy */;
		};
		1F817B802C6C89FE003020BB /* PBXTargetDependency */ = {
			isa = PBXTargetDependency;
			target = 1F817B5D2C6C89FD003020BB /* signInAndSignOut_feature */;
			targetProxy = 1F817B7F2C6C89FE003020BB /* PBXContainerItemProxy */;
		};
/* End PBXTargetDependency section */

/* Begin PBXVariantGroup section */
		1F817B672C6C89FD003020BB /* Main.storyboard */ = {
			isa = PBXVariantGroup;
			children = (
				1F817B682C6C89FD003020BB /* Base */,
			);
			name = Main.storyboard;
			sourceTree = "<group>";
		};
		1F817B6C2C6C89FE003020BB /* LaunchScreen.storyboard */ = {
			isa = PBXVariantGroup;
			children = (
				1F817B6D2C6C89FE003020BB /* Base */,
			);
			name = LaunchScreen.storyboard;
			sourceTree = "<group>";
		};
/* End PBXVariantGroup section */

/* Begin XCBuildConfiguration section */
		1F817B862C6C89FE003020BB /* Debug */ = {
			isa = XCBuildConfiguration;
			buildSettings = {
				ALWAYS_SEARCH_USER_PATHS = NO;
				ASSETCATALOG_COMPILER_GENERATE_SWIFT_ASSET_SYMBOL_EXTENSIONS = YES;
				CLANG_ANALYZER_NONNULL = YES;
				CLANG_ANALYZER_NUMBER_OBJECT_CONVERSION = YES_AGGRESSIVE;
				CLANG_CXX_LANGUAGE_STANDARD = "gnu++20";
				CLANG_ENABLE_MODULES = YES;
				CLANG_ENABLE_OBJC_ARC = YES;
				CLANG_ENABLE_OBJC_WEAK = YES;
				CLANG_WARN_BLOCK_CAPTURE_AUTORELEASING = YES;
				CLANG_WARN_BOOL_CONVERSION = YES;
				CLANG_WARN_COMMA = YES;
				CLANG_WARN_CONSTANT_CONVERSION = YES;
				CLANG_WARN_DEPRECATED_OBJC_IMPLEMENTATIONS = YES;
				CLANG_WARN_DIRECT_OBJC_ISA_USAGE = YES_ERROR;
				CLANG_WARN_DOCUMENTATION_COMMENTS = YES;
				CLANG_WARN_EMPTY_BODY = YES;
				CLANG_WARN_ENUM_CONVERSION = YES;
				CLANG_WARN_INFINITE_RECURSION = YES;
				CLANG_WARN_INT_CONVERSION = YES;
				CLANG_WARN_NON_LITERAL_NULL_CONVERSION = YES;
				CLANG_WARN_OBJC_IMPLICIT_RETAIN_SELF = YES;
				CLANG_WARN_OBJC_LITERAL_CONVERSION = YES;
				CLANG_WARN_OBJC_ROOT_CLASS = YES_ERROR;
				CLANG_WARN_QUOTED_INCLUDE_IN_FRAMEWORK_HEADER = YES;
				CLANG_WARN_RANGE_LOOP_ANALYSIS = YES;
				CLANG_WARN_STRICT_PROTOTYPES = YES;
				CLANG_WARN_SUSPICIOUS_MOVE = YES;
				CLANG_WARN_UNGUARDED_AVAILABILITY = YES_AGGRESSIVE;
				CLANG_WARN_UNREACHABLE_CODE = YES;
				CLANG_WARN__DUPLICATE_METHOD_MATCH = YES;
				COPY_PHASE_STRIP = NO;
				DEBUG_INFORMATION_FORMAT = dwarf;
				ENABLE_STRICT_OBJC_MSGSEND = YES;
				ENABLE_TESTABILITY = YES;
				ENABLE_USER_SCRIPT_SANDBOXING = YES;
				GCC_C_LANGUAGE_STANDARD = gnu17;
				GCC_DYNAMIC_NO_PIC = NO;
				GCC_NO_COMMON_BLOCKS = YES;
				GCC_OPTIMIZATION_LEVEL = 0;
				GCC_PREPROCESSOR_DEFINITIONS = (
					"DEBUG=1",
					"$(inherited)",
				);
				GCC_WARN_64_TO_32_BIT_CONVERSION = YES;
				GCC_WARN_ABOUT_RETURN_TYPE = YES_ERROR;
				GCC_WARN_UNDECLARED_SELECTOR = YES;
				GCC_WARN_UNINITIALIZED_AUTOS = YES_AGGRESSIVE;
				GCC_WARN_UNUSED_FUNCTION = YES;
				GCC_WARN_UNUSED_VARIABLE = YES;
				IPHONEOS_DEPLOYMENT_TARGET = 17.5;
				LOCALIZATION_PREFERS_STRING_CATALOGS = YES;
				MTL_ENABLE_DEBUG_INFO = INCLUDE_SOURCE;
				MTL_FAST_MATH = YES;
				ONLY_ACTIVE_ARCH = YES;
				SDKROOT = iphoneos;
				SWIFT_ACTIVE_COMPILATION_CONDITIONS = "DEBUG $(inherited)";
				SWIFT_OPTIMIZATION_LEVEL = "-Onone";
			};
			name = Debug;
		};
		1F817B872C6C89FE003020BB /* Release */ = {
			isa = XCBuildConfiguration;
			buildSettings = {
				ALWAYS_SEARCH_USER_PATHS = NO;
				ASSETCATALOG_COMPILER_GENERATE_SWIFT_ASSET_SYMBOL_EXTENSIONS = YES;
				CLANG_ANALYZER_NONNULL = YES;
				CLANG_ANALYZER_NUMBER_OBJECT_CONVERSION = YES_AGGRESSIVE;
				CLANG_CXX_LANGUAGE_STANDARD = "gnu++20";
				CLANG_ENABLE_MODULES = YES;
				CLANG_ENABLE_OBJC_ARC = YES;
				CLANG_ENABLE_OBJC_WEAK = YES;
				CLANG_WARN_BLOCK_CAPTURE_AUTORELEASING = YES;
				CLANG_WARN_BOOL_CONVERSION = YES;
				CLANG_WARN_COMMA = YES;
				CLANG_WARN_CONSTANT_CONVERSION = YES;
				CLANG_WARN_DEPRECATED_OBJC_IMPLEMENTATIONS = YES;
				CLANG_WARN_DIRECT_OBJC_ISA_USAGE = YES_ERROR;
				CLANG_WARN_DOCUMENTATION_COMMENTS = YES;
				CLANG_WARN_EMPTY_BODY = YES;
				CLANG_WARN_ENUM_CONVERSION = YES;
				CLANG_WARN_INFINITE_RECURSION = YES;
				CLANG_WARN_INT_CONVERSION = YES;
				CLANG_WARN_NON_LITERAL_NULL_CONVERSION = YES;
				CLANG_WARN_OBJC_IMPLICIT_RETAIN_SELF = YES;
				CLANG_WARN_OBJC_LITERAL_CONVERSION = YES;
				CLANG_WARN_OBJC_ROOT_CLASS = YES_ERROR;
				CLANG_WARN_QUOTED_INCLUDE_IN_FRAMEWORK_HEADER = YES;
				CLANG_WARN_RANGE_LOOP_ANALYSIS = YES;
				CLANG_WARN_STRICT_PROTOTYPES = YES;
				CLANG_WARN_SUSPICIOUS_MOVE = YES;
				CLANG_WARN_UNGUARDED_AVAILABILITY = YES_AGGRESSIVE;
				CLANG_WARN_UNREACHABLE_CODE = YES;
				CLANG_WARN__DUPLICATE_METHOD_MATCH = YES;
				COPY_PHASE_STRIP = NO;
				DEBUG_INFORMATION_FORMAT = "dwarf-with-dsym";
				ENABLE_NS_ASSERTIONS = NO;
				ENABLE_STRICT_OBJC_MSGSEND = YES;
				ENABLE_USER_SCRIPT_SANDBOXING = YES;
				GCC_C_LANGUAGE_STANDARD = gnu17;
				GCC_NO_COMMON_BLOCKS = YES;
				GCC_WARN_64_TO_32_BIT_CONVERSION = YES;
				GCC_WARN_ABOUT_RETURN_TYPE = YES_ERROR;
				GCC_WARN_UNDECLARED_SELECTOR = YES;
				GCC_WARN_UNINITIALIZED_AUTOS = YES_AGGRESSIVE;
				GCC_WARN_UNUSED_FUNCTION = YES;
				GCC_WARN_UNUSED_VARIABLE = YES;
				IPHONEOS_DEPLOYMENT_TARGET = 17.5;
				LOCALIZATION_PREFERS_STRING_CATALOGS = YES;
				MTL_ENABLE_DEBUG_INFO = NO;
				MTL_FAST_MATH = YES;
				SDKROOT = iphoneos;
				SWIFT_COMPILATION_MODE = wholemodule;
				VALIDATE_PRODUCT = YES;
			};
			name = Release;
		};
		1F817B892C6C89FE003020BB /* Debug */ = {
			isa = XCBuildConfiguration;
			buildSettings = {
				ASSETCATALOG_COMPILER_APPICON_NAME = AppIcon;
				ASSETCATALOG_COMPILER_GLOBAL_ACCENT_COLOR_NAME = AccentColor;
				CODE_SIGN_STYLE = Automatic;
				CURRENT_PROJECT_VERSION = 1;
				DEVELOPMENT_TEAM = 6H2477PAYG;
				GENERATE_INFOPLIST_FILE = YES;
				INFOPLIST_FILE = signInAndSignOut_feature/Info.plist;
				INFOPLIST_KEY_UIApplicationSupportsIndirectInputEvents = YES;
				INFOPLIST_KEY_UILaunchStoryboardName = LaunchScreen;
				INFOPLIST_KEY_UIMainStoryboardFile = Main;
				INFOPLIST_KEY_UISupportedInterfaceOrientations_iPad = "UIInterfaceOrientationPortrait UIInterfaceOrientationPortraitUpsideDown UIInterfaceOrientationLandscapeLeft UIInterfaceOrientationLandscapeRight";
				INFOPLIST_KEY_UISupportedInterfaceOrientations_iPhone = "UIInterfaceOrientationPortrait UIInterfaceOrientationLandscapeLeft UIInterfaceOrientationLandscapeRight";
				LD_RUNPATH_SEARCH_PATHS = (
					"$(inherited)",
					"@executable_path/Frameworks",
				);
				MARKETING_VERSION = 1.0;
				PRODUCT_BUNDLE_IDENTIFIER = "com.first.signInAndSignOut-feature";
				PRODUCT_NAME = "$(TARGET_NAME)";
				SWIFT_EMIT_LOC_STRINGS = YES;
				SWIFT_VERSION = 5.0;
				TARGETED_DEVICE_FAMILY = "1,2";
			};
			name = Debug;
		};
		1F817B8A2C6C89FE003020BB /* Release */ = {
			isa = XCBuildConfiguration;
			buildSettings = {
				ASSETCATALOG_COMPILER_APPICON_NAME = AppIcon;
				ASSETCATALOG_COMPILER_GLOBAL_ACCENT_COLOR_NAME = AccentColor;
				CODE_SIGN_STYLE = Automatic;
				CURRENT_PROJECT_VERSION = 1;
				DEVELOPMENT_TEAM = 6H2477PAYG;
				GENERATE_INFOPLIST_FILE = YES;
				INFOPLIST_FILE = signInAndSignOut_feature/Info.plist;
				INFOPLIST_KEY_UIApplicationSupportsIndirectInputEvents = YES;
				INFOPLIST_KEY_UILaunchStoryboardName = LaunchScreen;
				INFOPLIST_KEY_UIMainStoryboardFile = Main;
				INFOPLIST_KEY_UISupportedInterfaceOrientations_iPad = "UIInterfaceOrientationPortrait UIInterfaceOrientationPortraitUpsideDown UIInterfaceOrientationLandscapeLeft UIInterfaceOrientationLandscapeRight";
				INFOPLIST_KEY_UISupportedInterfaceOrientations_iPhone = "UIInterfaceOrientationPortrait UIInterfaceOrientationLandscapeLeft UIInterfaceOrientationLandscapeRight";
				LD_RUNPATH_SEARCH_PATHS = (
					"$(inherited)",
					"@executable_path/Frameworks",
				);
				MARKETING_VERSION = 1.0;
				PRODUCT_BUNDLE_IDENTIFIER = "com.first.signInAndSignOut-feature";
				PRODUCT_NAME = "$(TARGET_NAME)";
				SWIFT_EMIT_LOC_STRINGS = YES;
				SWIFT_VERSION = 5.0;
				TARGETED_DEVICE_FAMILY = "1,2";
			};
			name = Release;
		};
		1F817B8C2C6C89FE003020BB /* Debug */ = {
			isa = XCBuildConfiguration;
			buildSettings = {
				ALWAYS_EMBED_SWIFT_STANDARD_LIBRARIES = YES;
				BUNDLE_LOADER = "$(TEST_HOST)";
				CODE_SIGN_STYLE = Automatic;
				CURRENT_PROJECT_VERSION = 1;
				DEVELOPMENT_TEAM = 6H2477PAYG;
				GENERATE_INFOPLIST_FILE = YES;
				IPHONEOS_DEPLOYMENT_TARGET = 17.5;
				MARKETING_VERSION = 1.0;
				PRODUCT_BUNDLE_IDENTIFIER = "com.first.signInAndSignOut-featureTests";
				PRODUCT_NAME = "$(TARGET_NAME)";
				SWIFT_EMIT_LOC_STRINGS = NO;
				SWIFT_VERSION = 5.0;
				TARGETED_DEVICE_FAMILY = "1,2";
				TEST_HOST = "$(BUILT_PRODUCTS_DIR)/signInAndSignOut_feature.app/$(BUNDLE_EXECUTABLE_FOLDER_PATH)/signInAndSignOut_feature";
			};
			name = Debug;
		};
		1F817B8D2C6C89FE003020BB /* Release */ = {
			isa = XCBuildConfiguration;
			buildSettings = {
				ALWAYS_EMBED_SWIFT_STANDARD_LIBRARIES = YES;
				BUNDLE_LOADER = "$(TEST_HOST)";
				CODE_SIGN_STYLE = Automatic;
				CURRENT_PROJECT_VERSION = 1;
				DEVELOPMENT_TEAM = 6H2477PAYG;
				GENERATE_INFOPLIST_FILE = YES;
				IPHONEOS_DEPLOYMENT_TARGET = 17.5;
				MARKETING_VERSION = 1.0;
				PRODUCT_BUNDLE_IDENTIFIER = "com.first.signInAndSignOut-featureTests";
				PRODUCT_NAME = "$(TARGET_NAME)";
				SWIFT_EMIT_LOC_STRINGS = NO;
				SWIFT_VERSION = 5.0;
				TARGETED_DEVICE_FAMILY = "1,2";
				TEST_HOST = "$(BUILT_PRODUCTS_DIR)/signInAndSignOut_feature.app/$(BUNDLE_EXECUTABLE_FOLDER_PATH)/signInAndSignOut_feature";
			};
			name = Release;
		};
		1F817B8F2C6C89FE003020BB /* Debug */ = {
			isa = XCBuildConfiguration;
			buildSettings = {
				ALWAYS_EMBED_SWIFT_STANDARD_LIBRARIES = YES;
				CODE_SIGN_STYLE = Automatic;
				CURRENT_PROJECT_VERSION = 1;
				DEVELOPMENT_TEAM = 6H2477PAYG;
				GENERATE_INFOPLIST_FILE = YES;
				MARKETING_VERSION = 1.0;
				PRODUCT_BUNDLE_IDENTIFIER = "com.first.signInAndSignOut-featureUITests";
				PRODUCT_NAME = "$(TARGET_NAME)";
				SWIFT_EMIT_LOC_STRINGS = NO;
				SWIFT_VERSION = 5.0;
				TARGETED_DEVICE_FAMILY = "1,2";
				TEST_TARGET_NAME = signInAndSignOut_feature;
			};
			name = Debug;
		};
		1F817B902C6C89FE003020BB /* Release */ = {
			isa = XCBuildConfiguration;
			buildSettings = {
				ALWAYS_EMBED_SWIFT_STANDARD_LIBRARIES = YES;
				CODE_SIGN_STYLE = Automatic;
				CURRENT_PROJECT_VERSION = 1;
				DEVELOPMENT_TEAM = 6H2477PAYG;
				GENERATE_INFOPLIST_FILE = YES;
				MARKETING_VERSION = 1.0;
				PRODUCT_BUNDLE_IDENTIFIER = "com.first.signInAndSignOut-featureUITests";
				PRODUCT_NAME = "$(TARGET_NAME)";
				SWIFT_EMIT_LOC_STRINGS = NO;
				SWIFT_VERSION = 5.0;
				TARGETED_DEVICE_FAMILY = "1,2";
				TEST_TARGET_NAME = signInAndSignOut_feature;
			};
			name = Release;
		};
/* End XCBuildConfiguration section */

/* Begin XCConfigurationList section */
		1F817B592C6C89FD003020BB /* Build configuration list for PBXProject "signInAndSignOut_feature" */ = {
			isa = XCConfigurationList;
			buildConfigurations = (
				1F817B862C6C89FE003020BB /* Debug */,
				1F817B872C6C89FE003020BB /* Release */,
			);
			defaultConfigurationIsVisible = 0;
			defaultConfigurationName = Release;
		};
		1F817B882C6C89FE003020BB /* Build configuration list for PBXNativeTarget "signInAndSignOut_feature" */ = {
			isa = XCConfigurationList;
			buildConfigurations = (
				1F817B892C6C89FE003020BB /* Debug */,
				1F817B8A2C6C89FE003020BB /* Release */,
			);
			defaultConfigurationIsVisible = 0;
			defaultConfigurationName = Release;
		};
		1F817B8B2C6C89FE003020BB /* Build configuration list for PBXNativeTarget "signInAndSignOut_featureTests" */ = {
			isa = XCConfigurationList;
			buildConfigurations = (
				1F817B8C2C6C89FE003020BB /* Debug */,
				1F817B8D2C6C89FE003020BB /* Release */,
			);
			defaultConfigurationIsVisible = 0;
			defaultConfigurationName = Release;
		};
		1F817B8E2C6C89FE003020BB /* Build configuration list for PBXNativeTarget "signInAndSignOut_featureUITests" */ = {
			isa = XCConfigurationList;
			buildConfigurations = (
				1F817B8F2C6C89FE003020BB /* Debug */,
				1F817B902C6C89FE003020BB /* Release */,
			);
			defaultConfigurationIsVisible = 0;
			defaultConfigurationName = Release;
		};
/* End XCConfigurationList section */
	};
	rootObject = 1F817B562C6C89FD003020BB /* Project object */;
}
